
Microsoft Visual Studio Solution File, Format Version 12.00
# Visual Studio Version 17
VisualStudioVersion = 17.0.32112.339
MinimumVisualStudioVersion = 10.0.40219.1
Project("{FAE04EC0-301F-11D3-BF4B-00C04F79EFBC}") = "Hymma.Solidworks.Addins", "Addins\Hymma.Solidworks.Addins.csproj", "{86B8E368-880D-4169-BA19-60A84D3F6FB3}"
EndProject
Project("{2150E333-8FDC-42A3-9474-1A3956D46DE8}") = "Solution Items", "Solution Items", "{CD13FBB7-4F80-41AA-BFAC-9ED5ECA48747}"
	ProjectSection(SolutionItems) = preProject
		.editorconfig = .editorconfig
	EndProjectSection
EndProject
Project("{FAE04EC0-301F-11D3-BF4B-00C04F79EFBC}") = "Hymma.Solidworks.Extensions", "Extensions\Hymma.Solidworks.Extensions.csproj", "{C11FC3F2-C2D0-4E62-9CF2-1A152B76AE03}"
EndProject
Project("{FAE04EC0-301F-11D3-BF4B-00C04F79EFBC}") = "Hymma.Solidworks.Addins.Fluent", "Addins.Fluent\Hymma.Solidworks.Addins.Fluent.csproj", "{6100467F-2C52-4DDA-820C-40729B0C1529}"
	ProjectSection(ProjectDependencies) = postProject
		{86B8E368-880D-4169-BA19-60A84D3F6FB3} = {86B8E368-880D-4169-BA19-60A84D3F6FB3}
		{C11FC3F2-C2D0-4E62-9CF2-1A152B76AE03} = {C11FC3F2-C2D0-4E62-9CF2-1A152B76AE03}
		{C5B3E4AB-D50E-414D-9FF3-BBCE066B0BBC} = {C5B3E4AB-D50E-414D-9FF3-BBCE066B0BBC}
	EndProjectSection
EndProject
Project("{FAE04EC0-301F-11D3-BF4B-00C04F79EFBC}") = "hymma.solidworks.interop", "Interop\hymma.solidworks.interop.csproj", "{C5B3E4AB-D50E-414D-9FF3-BBCE066B0BBC}"
EndProject
Project("{FAE04EC0-301F-11D3-BF4B-00C04F79EFBC}") = "QRify", "Addins\QRify\QRify.csproj", "{B0A0B8D8-AF58-4CE8-A27E-74114C209344}"
EndProject
Project("{FAE04EC0-301F-11D3-BF4B-00C04F79EFBC}") = "QrifyPlus", "Addins.Fluent\QrifyPlus\QrifyPlus.csproj", "{7E4CBD5B-B098-4365-9509-F5B16133CFC4}"
EndProject
Global
	GlobalSection(SolutionConfigurationPlatforms) = preSolution
		Debug|Any CPU = Debug|Any CPU
		Debug|x64 = Debug|x64
		Release|Any CPU = Release|Any CPU
		Release|x64 = Release|x64
	EndGlobalSection
	GlobalSection(ProjectConfigurationPlatforms) = postSolution
		{86B8E368-880D-4169-BA19-60A84D3F6FB3}.Debug|Any CPU.ActiveCfg = Debug|Any CPU
		{86B8E368-880D-4169-BA19-60A84D3F6FB3}.Debug|Any CPU.Build.0 = Debug|Any CPU
		{86B8E368-880D-4169-BA19-60A84D3F6FB3}.Debug|Any CPU.ActiveCfg = Debug|Any CPU
		{86B8E368-880D-4169-BA19-60A84D3F6FB3}.Debug|Any CPU.Build.0 = Debug|Any CPU
		{86B8E368-880D-4169-BA19-60A84D3F6FB3}.Release|Any CPU.ActiveCfg = Release|Any CPU
		{86B8E368-880D-4169-BA19-60A84D3F6FB3}.Release|Any CPU.Build.0 = Release|Any CPU
		{86B8E368-880D-4169-BA19-60A84D3F6FB3}.Release|Any CPU.ActiveCfg = Release|Any CPU
		{86B8E368-880D-4169-BA19-60A84D3F6FB3}.Release|Any CPU.Build.0 = Release|Any CPU
		{C11FC3F2-C2D0-4E62-9CF2-1A152B76AE03}.Debug|Any CPU.ActiveCfg = Debug|Any CPU
		{C11FC3F2-C2D0-4E62-9CF2-1A152B76AE03}.Debug|Any CPU.Build.0 = Debug|Any CPU
		{C11FC3F2-C2D0-4E62-9CF2-1A152B76AE03}.Debug|x64.ActiveCfg = Debug|Any CPU
		{C11FC3F2-C2D0-4E62-9CF2-1A152B76AE03}.Debug|x64.Build.0 = Debug|Any CPU
		{C11FC3F2-C2D0-4E62-9CF2-1A152B76AE03}.Release|Any CPU.ActiveCfg = Release|Any CPU
		{C11FC3F2-C2D0-4E62-9CF2-1A152B76AE03}.Release|Any CPU.Build.0 = Release|Any CPU
		{C11FC3F2-C2D0-4E62-9CF2-1A152B76AE03}.Release|x64.ActiveCfg = Release|Any CPU
		{C11FC3F2-C2D0-4E62-9CF2-1A152B76AE03}.Release|x64.Build.0 = Release|Any CPU
		{6100467F-2C52-4DDA-820C-40729B0C1529}.Debug|Any CPU.ActiveCfg = Debug|Any CPU
		{6100467F-2C52-4DDA-820C-40729B0C1529}.Debug|Any CPU.Build.0 = Debug|Any CPU
		{6100467F-2C52-4DDA-820C-40729B0C1529}.Debug|x64.ActiveCfg = Debug|Any CPU
		{6100467F-2C52-4DDA-820C-40729B0C1529}.Debug|x64.Build.0 = Debug|Any CPU
		{6100467F-2C52-4DDA-820C-40729B0C1529}.Release|Any CPU.ActiveCfg = Release|Any CPU
		{6100467F-2C52-4DDA-820C-40729B0C1529}.Release|Any CPU.Build.0 = Release|Any CPU
		{6100467F-2C52-4DDA-820C-40729B0C1529}.Release|x64.ActiveCfg = Release|Any CPU
		{6100467F-2C52-4DDA-820C-40729B0C1529}.Release|x64.Build.0 = Release|Any CPU
		{C5B3E4AB-D50E-414D-9FF3-BBCE066B0BBC}.Debug|Any CPU.ActiveCfg = Debug|Any CPU
		{C5B3E4AB-D50E-414D-9FF3-BBCE066B0BBC}.Debug|Any CPU.Build.0 = Debug|Any CPU
		{C5B3E4AB-D50E-414D-9FF3-BBCE066B0BBC}.Debug|x64.ActiveCfg = Debug|Any CPU
		{C5B3E4AB-D50E-414D-9FF3-BBCE066B0BBC}.Debug|x64.Build.0 = Debug|Any CPU
		{C5B3E4AB-D50E-414D-9FF3-BBCE066B0BBC}.Release|Any CPU.ActiveCfg = Release|Any CPU
		{C5B3E4AB-D50E-414D-9FF3-BBCE066B0BBC}.Release|Any CPU.Build.0 = Release|Any CPU
		{C5B3E4AB-D50E-414D-9FF3-BBCE066B0BBC}.Release|x64.ActiveCfg = Release|Any CPU
		{C5B3E4AB-D50E-414D-9FF3-BBCE066B0BBC}.Release|x64.Build.0 = Release|Any CPU
		{B0A0B8D8-AF58-4CE8-A27E-74114C209344}.Debug|Any CPU.ActiveCfg = Debug|Any CPU
		{B0A0B8D8-AF58-4CE8-A27E-74114C209344}.Debug|Any CPU.Build.0 = Debug|Any CPU
		{B0A0B8D8-AF58-4CE8-A27E-74114C209344}.Debug|x64.ActiveCfg = Debug|Any CPU
		{B0A0B8D8-AF58-4CE8-A27E-74114C209344}.Debug|x64.Build.0 = Debug|Any CPU
		{B0A0B8D8-AF58-4CE8-A27E-74114C209344}.Release|Any CPU.ActiveCfg = Release|Any CPU
		{B0A0B8D8-AF58-4CE8-A27E-74114C209344}.Release|Any CPU.Build.0 = Release|Any CPU
		{B0A0B8D8-AF58-4CE8-A27E-74114C209344}.Release|x64.ActiveCfg = Release|Any CPU
		{B0A0B8D8-AF58-4CE8-A27E-74114C209344}.Release|x64.Build.0 = Release|Any CPU
		{7E4CBD5B-B098-4365-9509-F5B16133CFC4}.Debug|Any CPU.ActiveCfg = Debug|Any CPU
		{7E4CBD5B-B098-4365-9509-F5B16133CFC4}.Debug|Any CPU.Build.0 = Debug|Any CPU
		{7E4CBD5B-B098-4365-9509-F5B16133CFC4}.Debug|x64.ActiveCfg = Debug|Any CPU
		{7E4CBD5B-B098-4365-9509-F5B16133CFC4}.Debug|x64.Build.0 = Debug|Any CPU
		{7E4CBD5B-B098-4365-9509-F5B16133CFC4}.Release|Any CPU.ActiveCfg = Release|Any CPU
		{7E4CBD5B-B098-4365-9509-F5B16133CFC4}.Release|Any CPU.Build.0 = Release|Any CPU
		{7E4CBD5B-B098-4365-9509-F5B16133CFC4}.Release|x64.ActiveCfg = Release|Any CPU
		{7E4CBD5B-B098-4365-9509-F5B16133CFC4}.Release|x64.Build.0 = Release|Any CPU
	EndGlobalSection
	GlobalSection(SolutionProperties) = preSolution
		HideSolutionNode = FALSE
	EndGlobalSection
	GlobalSection(ExtensibilityGlobals) = postSolution
		SolutionGuid = {F04BB81E-736E-4717-B648-1B3C4F5E1C39}
	EndGlobalSection
EndGlobal
